
Microsoft Visual Studio Solution File, Format Version 12.00
# Visual Studio Version 17
VisualStudioVersion = 17.3.32901.215
MinimumVisualStudioVersion = 10.0.40219.1
Project("{FAE04EC0-301F-11D3-BF4B-00C04F79EFBC}") = "KlasaX", "KlasaX\KlasaX.csproj", "{7EF55D7C-8D3B-4607-BC2A-75B02087CC21}"
EndProject
Global
	GlobalSection(SolutionConfigurationPlatforms) = preSolution
		Debug|Any CPU = Debug|Any CPU
		Release|Any CPU = Release|Any CPU
	EndGlobalSection
	GlobalSection(ProjectConfigurationPlatforms) = postSolution
		{7EF55D7C-8D3B-4607-BC2A-75B02087CC21}.Debug|Any CPU.ActiveCfg = Debug|Any CPU
		{7EF55D7C-8D3B-4607-BC2A-75B02087CC21}.Debug|Any CPU.Build.0 = Debug|Any CPU
		{7EF55D7C-8D3B-4607-BC2A-75B02087CC21}.Release|Any CPU.ActiveCfg = Release|Any CPU
		{7EF55D7C-8D3B-4607-BC2A-75B02087CC21}.Release|Any CPU.Build.0 = Release|Any CPU
	EndGlobalSection
	GlobalSection(SolutionProperties) = preSolution
		HideSolutionNode = FALSE
	EndGlobalSection
	GlobalSection(ExtensibilityGlobals) = postSolution
		SolutionGuid = {CC02E05A-460A-4441-8394-45A6A825DC19}
	EndGlobalSection
EndGlobal
